
Microsoft Visual Studio Solution File, Format Version 12.00
# Visual Studio Version 16
VisualStudioVersion = 16.0.30523.141
MinimumVisualStudioVersion = 10.0.40219.1
Project("{FAE04EC0-301F-11D3-BF4B-00C04F79EFBC}") = "Celestial-FTP-Client-UWP", "Celestial-FTP-Client-UWP\Celestial-FTP-Client-UWP.csproj", "{D5ABDCCF-7F7D-4572-8AC4-AF0081ADD432}"
EndProject
Global
	GlobalSection(SolutionConfigurationPlatforms) = preSolution
		Debug|ARM = Debug|ARM
		Debug|ARM64 = Debug|ARM64
		Debug|x64 = Debug|x64
		Debug|x86 = Debug|x86
		Release|ARM = Release|ARM
		Release|ARM64 = Release|ARM64
		Release|x64 = Release|x64
		Release|x86 = Release|x86
	EndGlobalSection
	GlobalSection(ProjectConfigurationPlatforms) = postSolution
		{D5ABDCCF-7F7D-4572-8AC4-AF0081ADD432}.Debug|ARM.ActiveCfg = Debug|ARM
		{D5ABDCCF-7F7D-4572-8AC4-AF0081ADD432}.Debug|ARM.Build.0 = Debug|ARM
		{D5ABDCCF-7F7D-4572-8AC4-AF0081ADD432}.Debug|ARM.Deploy.0 = Debug|ARM
		{D5ABDCCF-7F7D-4572-8AC4-AF0081ADD432}.Debug|ARM64.ActiveCfg = Debug|ARM64
		{D5ABDCCF-7F7D-4572-8AC4-AF0081ADD432}.Debug|ARM64.Build.0 = Debug|ARM64
		{D5ABDCCF-7F7D-4572-8AC4-AF0081ADD432}.Debug|ARM64.Deploy.0 = Debug|ARM64
		{D5ABDCCF-7F7D-4572-8AC4-AF0081ADD432}.Debug|x64.ActiveCfg = Debug|x64
		{D5ABDCCF-7F7D-4572-8AC4-AF0081ADD432}.Debug|x64.Build.0 = Debug|x64
		{D5ABDCCF-7F7D-4572-8AC4-AF0081ADD432}.Debug|x64.Deploy.0 = Debug|x64
		{D5ABDCCF-7F7D-4572-8AC4-AF0081ADD432}.Debug|x86.ActiveCfg = Debug|x86
		{D5ABDCCF-7F7D-4572-8AC4-AF0081ADD432}.Debug|x86.Build.0 = Debug|x86
		{D5ABDCCF-7F7D-4572-8AC4-AF0081ADD432}.Debug|x86.Deploy.0 = Debug|x86
		{D5ABDCCF-7F7D-4572-8AC4-AF0081ADD432}.Release|ARM.ActiveCfg = Release|ARM
		{D5ABDCCF-7F7D-4572-8AC4-AF0081ADD432}.Release|ARM.Build.0 = Release|ARM
		{D5ABDCCF-7F7D-4572-8AC4-AF0081ADD432}.Release|ARM.Deploy.0 = Release|ARM
		{D5ABDCCF-7F7D-4572-8AC4-AF0081ADD432}.Release|ARM64.ActiveCfg = Release|ARM64
		{D5ABDCCF-7F7D-4572-8AC4-AF0081ADD432}.Release|ARM64.Build.0 = Release|ARM64
		{D5ABDCCF-7F7D-4572-8AC4-AF0081ADD432}.Release|ARM64.Deploy.0 = Release|ARM64
		{D5ABDCCF-7F7D-4572-8AC4-AF0081ADD432}.Release|x64.ActiveCfg = Release|x64
		{D5ABDCCF-7F7D-4572-8AC4-AF0081ADD432}.Release|x64.Build.0 = Release|x64
		{D5ABDCCF-7F7D-4572-8AC4-AF0081ADD432}.Release|x64.Deploy.0 = Release|x64
		{D5ABDCCF-7F7D-4572-8AC4-AF0081ADD432}.Release|x86.ActiveCfg = Release|x86
		{D5ABDCCF-7F7D-4572-8AC4-AF0081ADD432}.Release|x86.Build.0 = Release|x86
		{D5ABDCCF-7F7D-4572-8AC4-AF0081ADD432}.Release|x86.Deploy.0 = Release|x86
	EndGlobalSection
	GlobalSection(SolutionProperties) = preSolution
		HideSolutionNode = FALSE
	EndGlobalSection
	GlobalSection(ExtensibilityGlobals) = postSolution
		SolutionGuid = {C0D97079-38AE-4DD5-9482-994FE26A482D}
	EndGlobalSection
EndGlobal
