
Microsoft Visual Studio Solution File, Format Version 12.00
# Visual Studio Version 16
VisualStudioVersion = 16.0.30523.141
MinimumVisualStudioVersion = 10.0.40219.1
Project("{FAE04EC0-301F-11D3-BF4B-00C04F79EFBC}") = "Celestial-FTP-Client-UWP", "Celestial-FTP-Client-UWP\Celestial-FTP-Client-UWP.csproj", "{53A219B4-28C1-41B6-ACB3-E9CEB9EEBAE0}"
EndProject
Project("{9A19103F-16F7-4668-BE54-9A1E7A4F7556}") = "Celestial-FTP-Client-UWP.Core", "Celestial-FTP-Client-UWP.Core\Celestial-FTP-Client-UWP.Core.csproj", "{BE578738-2E64-42B1-993F-26F98A8AFC30}"
EndProject
Global
	GlobalSection(SolutionConfigurationPlatforms) = preSolution
		Debug|Any CPU = Debug|Any CPU
		Debug|ARM = Debug|ARM
		Debug|ARM64 = Debug|ARM64
		Debug|x64 = Debug|x64
		Debug|x86 = Debug|x86
		Release|Any CPU = Release|Any CPU
		Release|ARM = Release|ARM
		Release|ARM64 = Release|ARM64
		Release|x64 = Release|x64
		Release|x86 = Release|x86
	EndGlobalSection
	GlobalSection(ProjectConfigurationPlatforms) = postSolution
		{53A219B4-28C1-41B6-ACB3-E9CEB9EEBAE0}.Debug|Any CPU.ActiveCfg = Debug|x86
		{53A219B4-28C1-41B6-ACB3-E9CEB9EEBAE0}.Debug|ARM.ActiveCfg = Debug|ARM
		{53A219B4-28C1-41B6-ACB3-E9CEB9EEBAE0}.Debug|ARM.Build.0 = Debug|ARM
		{53A219B4-28C1-41B6-ACB3-E9CEB9EEBAE0}.Debug|ARM.Deploy.0 = Debug|ARM
		{53A219B4-28C1-41B6-ACB3-E9CEB9EEBAE0}.Debug|ARM64.ActiveCfg = Debug|ARM64
		{53A219B4-28C1-41B6-ACB3-E9CEB9EEBAE0}.Debug|ARM64.Build.0 = Debug|ARM64
		{53A219B4-28C1-41B6-ACB3-E9CEB9EEBAE0}.Debug|ARM64.Deploy.0 = Debug|ARM64
		{53A219B4-28C1-41B6-ACB3-E9CEB9EEBAE0}.Debug|x64.ActiveCfg = Debug|x64
		{53A219B4-28C1-41B6-ACB3-E9CEB9EEBAE0}.Debug|x64.Build.0 = Debug|x64
		{53A219B4-28C1-41B6-ACB3-E9CEB9EEBAE0}.Debug|x64.Deploy.0 = Debug|x64
		{53A219B4-28C1-41B6-ACB3-E9CEB9EEBAE0}.Debug|x86.ActiveCfg = Debug|x86
		{53A219B4-28C1-41B6-ACB3-E9CEB9EEBAE0}.Debug|x86.Build.0 = Debug|x86
		{53A219B4-28C1-41B6-ACB3-E9CEB9EEBAE0}.Debug|x86.Deploy.0 = Debug|x86
		{53A219B4-28C1-41B6-ACB3-E9CEB9EEBAE0}.Release|Any CPU.ActiveCfg = Release|x86
		{53A219B4-28C1-41B6-ACB3-E9CEB9EEBAE0}.Release|ARM.ActiveCfg = Release|ARM
		{53A219B4-28C1-41B6-ACB3-E9CEB9EEBAE0}.Release|ARM.Build.0 = Release|ARM
		{53A219B4-28C1-41B6-ACB3-E9CEB9EEBAE0}.Release|ARM.Deploy.0 = Release|ARM
		{53A219B4-28C1-41B6-ACB3-E9CEB9EEBAE0}.Release|ARM64.ActiveCfg = Release|ARM64
		{53A219B4-28C1-41B6-ACB3-E9CEB9EEBAE0}.Release|ARM64.Build.0 = Release|ARM64
		{53A219B4-28C1-41B6-ACB3-E9CEB9EEBAE0}.Release|ARM64.Deploy.0 = Release|ARM64
		{53A219B4-28C1-41B6-ACB3-E9CEB9EEBAE0}.Release|x64.ActiveCfg = Release|x64
		{53A219B4-28C1-41B6-ACB3-E9CEB9EEBAE0}.Release|x64.Build.0 = Release|x64
		{53A219B4-28C1-41B6-ACB3-E9CEB9EEBAE0}.Release|x64.Deploy.0 = Release|x64
		{53A219B4-28C1-41B6-ACB3-E9CEB9EEBAE0}.Release|x86.ActiveCfg = Release|x86
		{53A219B4-28C1-41B6-ACB3-E9CEB9EEBAE0}.Release|x86.Build.0 = Release|x86
		{53A219B4-28C1-41B6-ACB3-E9CEB9EEBAE0}.Release|x86.Deploy.0 = Release|x86
		{BE578738-2E64-42B1-993F-26F98A8AFC30}.Debug|Any CPU.ActiveCfg = Debug|Any CPU
		{BE578738-2E64-42B1-993F-26F98A8AFC30}.Debug|Any CPU.Build.0 = Debug|Any CPU
		{BE578738-2E64-42B1-993F-26F98A8AFC30}.Debug|ARM.ActiveCfg = Debug|Any CPU
		{BE578738-2E64-42B1-993F-26F98A8AFC30}.Debug|ARM.Build.0 = Debug|Any CPU
		{BE578738-2E64-42B1-993F-26F98A8AFC30}.Debug|ARM64.ActiveCfg = Debug|Any CPU
		{BE578738-2E64-42B1-993F-26F98A8AFC30}.Debug|ARM64.Build.0 = Debug|Any CPU
		{BE578738-2E64-42B1-993F-26F98A8AFC30}.Debug|x64.ActiveCfg = Debug|Any CPU
		{BE578738-2E64-42B1-993F-26F98A8AFC30}.Debug|x64.Build.0 = Debug|Any CPU
		{BE578738-2E64-42B1-993F-26F98A8AFC30}.Debug|x86.ActiveCfg = Debug|Any CPU
		{BE578738-2E64-42B1-993F-26F98A8AFC30}.Debug|x86.Build.0 = Debug|Any CPU
		{BE578738-2E64-42B1-993F-26F98A8AFC30}.Release|Any CPU.ActiveCfg = Release|Any CPU
		{BE578738-2E64-42B1-993F-26F98A8AFC30}.Release|Any CPU.Build.0 = Release|Any CPU
		{BE578738-2E64-42B1-993F-26F98A8AFC30}.Release|ARM.ActiveCfg = Release|Any CPU
		{BE578738-2E64-42B1-993F-26F98A8AFC30}.Release|ARM.Build.0 = Release|Any CPU
		{BE578738-2E64-42B1-993F-26F98A8AFC30}.Release|ARM64.ActiveCfg = Release|Any CPU
		{BE578738-2E64-42B1-993F-26F98A8AFC30}.Release|ARM64.Build.0 = Release|Any CPU
		{BE578738-2E64-42B1-993F-26F98A8AFC30}.Release|x64.ActiveCfg = Release|Any CPU
		{BE578738-2E64-42B1-993F-26F98A8AFC30}.Release|x64.Build.0 = Release|Any CPU
		{BE578738-2E64-42B1-993F-26F98A8AFC30}.Release|x86.ActiveCfg = Release|Any CPU
		{BE578738-2E64-42B1-993F-26F98A8AFC30}.Release|x86.Build.0 = Release|Any CPU
	EndGlobalSection
	GlobalSection(SolutionProperties) = preSolution
		HideSolutionNode = FALSE
	EndGlobalSection
	GlobalSection(ExtensibilityGlobals) = postSolution
		SolutionGuid = {7846A462-0418-4C02-9957-8A0F2D9D154B}
	EndGlobalSection
EndGlobal
